
Microsoft Visual Studio Solution File, Format Version 12.00
# Visual Studio Version 17
VisualStudioVersion = 17.3.32819.101
MinimumVisualStudioVersion = 10.0.40219.1
Project("{9A19103F-16F7-4668-BE54-9A1E7A4F7556}") = "WidgetBoard", "WidgetBoard.csproj", "{26F3A5DD-F253-4FEB-81B1-F69563A49283}"
EndProject
Global
	GlobalSection(SolutionConfigurationPlatforms) = preSolution
		Debug|arm64 = Debug|arm64
		Debug|x64 = Debug|x64
		Debug|x86 = Debug|x86
		Release|arm64 = Release|arm64
		Release|x64 = Release|x64
		Release|x86 = Release|x86
	EndGlobalSection
	GlobalSection(ProjectConfigurationPlatforms) = postSolution
		{26F3A5DD-F253-4FEB-81B1-F69563A49283}.Debug|arm64.ActiveCfg = Debug|arm64
		{26F3A5DD-F253-4FEB-81B1-F69563A49283}.Debug|x64.ActiveCfg = Debug|x64
		{26F3A5DD-F253-4FEB-81B1-F69563A49283}.Debug|x64.Build.0 = Debug|x64
		{26F3A5DD-F253-4FEB-81B1-F69563A49283}.Debug|x64.Deploy.0 = Debug|x64
		{26F3A5DD-F253-4FEB-81B1-F69563A49283}.Debug|x86.ActiveCfg = Debug|x86
		{26F3A5DD-F253-4FEB-81B1-F69563A49283}.Debug|x86.Build.0 = Debug|x86
		{26F3A5DD-F253-4FEB-81B1-F69563A49283}.Debug|x86.Deploy.0 = Debug|x86
		{26F3A5DD-F253-4FEB-81B1-F69563A49283}.Release|arm64.ActiveCfg = Release|arm64
		{26F3A5DD-F253-4FEB-81B1-F69563A49283}.Release|arm64.Build.0 = Release|arm64
		{26F3A5DD-F253-4FEB-81B1-F69563A49283}.Release|x64.ActiveCfg = Release|x64
		{26F3A5DD-F253-4FEB-81B1-F69563A49283}.Release|x64.Build.0 = Release|x64
		{26F3A5DD-F253-4FEB-81B1-F69563A49283}.Release|x64.Deploy.0 = Release|x64
		{26F3A5DD-F253-4FEB-81B1-F69563A49283}.Release|x86.ActiveCfg = Release|x86
		{26F3A5DD-F253-4FEB-81B1-F69563A49283}.Release|x86.Build.0 = Release|x86
		{26F3A5DD-F253-4FEB-81B1-F69563A49283}.Release|x86.Deploy.0 = Release|x86
	EndGlobalSection
	GlobalSection(SolutionProperties) = preSolution
		HideSolutionNode = FALSE
	EndGlobalSection
	GlobalSection(ExtensibilityGlobals) = postSolution
		SolutionGuid = {5EE5C385-719C-4546-91BA-FDC56AE56CF4}
	EndGlobalSection
EndGlobal
